# This file is automatically @generated by Cargo.
# It is not intended for manual editing.
version = 4

[[package]]
name = "oxygen-aarch64"
version = "0.0.1"

[[package]]
name = "oxygen-cap"
version = "0.0.1"

[[package]]
name = "oxygen-kernel"
version = "0.0.1"
dependencies = [
 "oxygen-aarch64",
 "oxygen-cap",
 "oxygen-mem",
]

[[package]]
name = "oxygen-mem"
version = "0.0.1"
